
Microsoft Visual Studio Solution File, Format Version 12.00
# Visual Studio Version 17
VisualStudioVersion = 17.8.34309.116
MinimumVisualStudioVersion = 10.0.40219.1
Project("{9A19103F-16F7-4668-BE54-9A1E7A4F7556}") = "Employees", "Employees\Employees.csproj", "{78D75AC6-596C-4CF4-8BFC-C7541219C991}"
EndProject
Project("{9A19103F-16F7-4668-BE54-9A1E7A4F7556}") = "Employees.Helpers", "Employees.Helpers\Employees.Helpers.csproj", "{20E41434-9F69-4223-A8ED-DE547202687D}"
EndProject
Project("{FAE04EC0-301F-11D3-BF4B-00C04F79EFBC}") = "Employees.UI", "Employees.UI\Employees.UI.csproj", "{9663D350-F1FA-4CE7-93BA-E80C17B43034}"
EndProject
Global
	GlobalSection(SolutionConfigurationPlatforms) = preSolution
		Debug|Any CPU = Debug|Any CPU
		Release|Any CPU = Release|Any CPU
	EndGlobalSection
	GlobalSection(ProjectConfigurationPlatforms) = postSolution
		{78D75AC6-596C-4CF4-8BFC-C7541219C991}.Debug|Any CPU.ActiveCfg = Debug|Any CPU
		{78D75AC6-596C-4CF4-8BFC-C7541219C991}.Debug|Any CPU.Build.0 = Debug|Any CPU
		{78D75AC6-596C-4CF4-8BFC-C7541219C991}.Release|Any CPU.ActiveCfg = Release|Any CPU
		{78D75AC6-596C-4CF4-8BFC-C7541219C991}.Release|Any CPU.Build.0 = Release|Any CPU
		{20E41434-9F69-4223-A8ED-DE547202687D}.Debug|Any CPU.ActiveCfg = Debug|Any CPU
		{20E41434-9F69-4223-A8ED-DE547202687D}.Debug|Any CPU.Build.0 = Debug|Any CPU
		{20E41434-9F69-4223-A8ED-DE547202687D}.Release|Any CPU.ActiveCfg = Release|Any CPU
		{20E41434-9F69-4223-A8ED-DE547202687D}.Release|Any CPU.Build.0 = Release|Any CPU
		{9663D350-F1FA-4CE7-93BA-E80C17B43034}.Debug|Any CPU.ActiveCfg = Debug|Any CPU
		{9663D350-F1FA-4CE7-93BA-E80C17B43034}.Debug|Any CPU.Build.0 = Debug|Any CPU
		{9663D350-F1FA-4CE7-93BA-E80C17B43034}.Release|Any CPU.ActiveCfg = Release|Any CPU
		{9663D350-F1FA-4CE7-93BA-E80C17B43034}.Release|Any CPU.Build.0 = Release|Any CPU
	EndGlobalSection
	GlobalSection(SolutionProperties) = preSolution
		HideSolutionNode = FALSE
	EndGlobalSection
	GlobalSection(ExtensibilityGlobals) = postSolution
		SolutionGuid = {D678DEBE-148D-4448-92AA-E81ABC8B51E9}
	EndGlobalSection
EndGlobal
